
Microsoft Visual Studio Solution File, Format Version 12.00
# Visual Studio Version 16
VisualStudioVersion = 16.0.30717.126
MinimumVisualStudioVersion = 10.0.40219.1
Project("{FAE04EC0-301F-11D3-BF4B-00C04F79EFBC}") = "ConvertToMonokuro", "ConvertToMonokuro.csproj", "{644EF4B7-CC4F-478B-AB4E-AB37A8B34AB9}"
EndProject
Global
	GlobalSection(SolutionConfigurationPlatforms) = preSolution
		Debug|Any CPU = Debug|Any CPU
		Release|Any CPU = Release|Any CPU
	EndGlobalSection
	GlobalSection(ProjectConfigurationPlatforms) = postSolution
		{644EF4B7-CC4F-478B-AB4E-AB37A8B34AB9}.Debug|Any CPU.ActiveCfg = Debug|Any CPU
		{644EF4B7-CC4F-478B-AB4E-AB37A8B34AB9}.Debug|Any CPU.Build.0 = Debug|Any CPU
		{644EF4B7-CC4F-478B-AB4E-AB37A8B34AB9}.Release|Any CPU.ActiveCfg = Release|Any CPU
		{644EF4B7-CC4F-478B-AB4E-AB37A8B34AB9}.Release|Any CPU.Build.0 = Release|Any CPU
	EndGlobalSection
	GlobalSection(SolutionProperties) = preSolution
		HideSolutionNode = FALSE
	EndGlobalSection
	GlobalSection(ExtensibilityGlobals) = postSolution
		SolutionGuid = {3D3C72FC-EFEA-442C-BA5D-E054FAA11121}
	EndGlobalSection
EndGlobal
